
Microsoft Visual Studio Solution File, Format Version 12.00
# Visual Studio Version 17
VisualStudioVersion = 17.4.33110.190
MinimumVisualStudioVersion = 10.0.40219.1
Project("{FAE04EC0-301F-11D3-BF4B-00C04F79EFBC}") = "studmon", "studmon\studmon.csproj", "{A9E0C125-0003-4E71-9643-01DD77AAD1BD}"
EndProject
Global
	GlobalSection(SolutionConfigurationPlatforms) = preSolution
		Debug|Any CPU = Debug|Any CPU
		Release|Any CPU = Release|Any CPU
	EndGlobalSection
	GlobalSection(ProjectConfigurationPlatforms) = postSolution
		{A9E0C125-0003-4E71-9643-01DD77AAD1BD}.Debug|Any CPU.ActiveCfg = Debug|Any CPU
		{A9E0C125-0003-4E71-9643-01DD77AAD1BD}.Debug|Any CPU.Build.0 = Debug|Any CPU
		{A9E0C125-0003-4E71-9643-01DD77AAD1BD}.Release|Any CPU.ActiveCfg = Release|Any CPU
		{A9E0C125-0003-4E71-9643-01DD77AAD1BD}.Release|Any CPU.Build.0 = Release|Any CPU
	EndGlobalSection
	GlobalSection(SolutionProperties) = preSolution
		HideSolutionNode = FALSE
	EndGlobalSection
	GlobalSection(ExtensibilityGlobals) = postSolution
		SolutionGuid = {3A0B41C3-67FC-46E2-ACDF-A0AB73FCD479}
	EndGlobalSection
EndGlobal
